
Microsoft Visual Studio Solution File, Format Version 12.00
# Visual Studio Version 16
VisualStudioVersion = 16.0.29411.108
MinimumVisualStudioVersion = 10.0.40219.1
Project("{FAE04EC0-301F-11D3-BF4B-00C04F79EFBC}") = "Kantin_APP", "Kantin_APP\Kantin_APP.csproj", "{230C82E7-CD34-41D3-BB51-DB4FEB7A6E98}"
EndProject
Global
	GlobalSection(SolutionConfigurationPlatforms) = preSolution
		Debug|Any CPU = Debug|Any CPU
		Release|Any CPU = Release|Any CPU
	EndGlobalSection
	GlobalSection(ProjectConfigurationPlatforms) = postSolution
		{230C82E7-CD34-41D3-BB51-DB4FEB7A6E98}.Debug|Any CPU.ActiveCfg = Debug|Any CPU
		{230C82E7-CD34-41D3-BB51-DB4FEB7A6E98}.Debug|Any CPU.Build.0 = Debug|Any CPU
		{230C82E7-CD34-41D3-BB51-DB4FEB7A6E98}.Release|Any CPU.ActiveCfg = Release|Any CPU
		{230C82E7-CD34-41D3-BB51-DB4FEB7A6E98}.Release|Any CPU.Build.0 = Release|Any CPU
	EndGlobalSection
	GlobalSection(SolutionProperties) = preSolution
		HideSolutionNode = FALSE
	EndGlobalSection
	GlobalSection(ExtensibilityGlobals) = postSolution
		SolutionGuid = {6F93390A-EB0E-43ED-9C4C-D66DE099C7BF}
	EndGlobalSection
EndGlobal
